// !$*UTF8*$!
{
	archiveVersion = 1;
	classes = {
	};
	objectVersion = 46;
	objects = {

/* Begin PBXBuildFile section */
		A882E8231CC6152E008B72AF /* MZNewDetailViewController.m in Sources */ = {isa = PBXBuildFile; fileRef = A882E8221CC6152E008B72AF /* MZNewDetailViewController.m */; };
		A882E8251CC61D57008B72AF /* detail.html in Resources */ = {isa = PBXBuildFile; fileRef = A882E8241CC61D57008B72AF /* detail.html */; };
		A891F8681CC0C1AC00595EE2 /* Assets.xcassets in Resources */ = {isa = PBXBuildFile; fileRef = A891F84D1CC0C1AC00595EE2 /* Assets.xcassets */; };
		A891F8691CC0C1AC00595EE2 /* LaunchScreen.storyboard in Resources */ = {isa = PBXBuildFile; fileRef = A891F84E1CC0C1AC00595EE2 /* LaunchScreen.storyboard */; };
		A891F86A1CC0C1AC00595EE2 /* Main.storyboard in Resources */ = {isa = PBXBuildFile; fileRef = A891F8501CC0C1AC00595EE2 /* Main.storyboard */; };
		A891F86B1CC0C1AC00595EE2 /* MZHeadLine.m in Sources */ = {isa = PBXBuildFile; fileRef = A891F8541CC0C1AC00595EE2 /* MZHeadLine.m */; };
		A891F86C1CC0C1AC00595EE2 /* Info.plist in Resources */ = {isa = PBXBuildFile; fileRef = A891F8551CC0C1AC00595EE2 /* Info.plist */; };
		A891F86D1CC0C1AC00595EE2 /* MZLoopView.m in Sources */ = {isa = PBXBuildFile; fileRef = A891F8581CC0C1AC00595EE2 /* MZLoopView.m */; };
		A891F86E1CC0C1AC00595EE2 /* MZLoopViewCell.m in Sources */ = {isa = PBXBuildFile; fileRef = A891F85A1CC0C1AC00595EE2 /* MZLoopViewCell.m */; };
		A891F86F1CC0C1AC00595EE2 /* MZLoopViewFlowLayout.m in Sources */ = {isa = PBXBuildFile; fileRef = A891F85C1CC0C1AC00595EE2 /* MZLoopViewFlowLayout.m */; };
		A891F8701CC0C1AC00595EE2 /* MZWeakTimerObject.m in Sources */ = {isa = PBXBuildFile; fileRef = A891F85E1CC0C1AC00595EE2 /* MZWeakTimerObject.m */; };
		A891F8711CC0C1AC00595EE2 /* MZHeadLineViewController.m in Sources */ = {isa = PBXBuildFile; fileRef = A891F8601CC0C1AC00595EE2 /* MZHeadLineViewController.m */; };
		A891F8721CC0C1AC00595EE2 /* AppDelegate.m in Sources */ = {isa = PBXBuildFile; fileRef = A891F8631CC0C1AC00595EE2 /* AppDelegate.m */; };
		A891F8731CC0C1AC00595EE2 /* main.m in Sources */ = {isa = PBXBuildFile; fileRef = A891F8641CC0C1AC00595EE2 /* main.m */; };
		A891F8741CC0C1AC00595EE2 /* MZNetWorkTool.m in Sources */ = {isa = PBXBuildFile; fileRef = A891F8671CC0C1AC00595EE2 /* MZNetWorkTool.m */; };
		A891F8791CC0C2B400595EE2 /* MZNew.m in Sources */ = {isa = PBXBuildFile; fileRef = A891F8781CC0C2B400595EE2 /* MZNew.m */; };
		A891F87C1CC0C86800595EE2 /* MZNewViewController.m in Sources */ = {isa = PBXBuildFile; fileRef = A891F87B1CC0C86800595EE2 /* MZNewViewController.m */; };
		A891F87E1CC0C94700595EE2 /* MZNew.storyboard in Resources */ = {isa = PBXBuildFile; fileRef = A891F87D1CC0C94700595EE2 /* MZNew.storyboard */; };
		A891F8811CC0D0EE00595EE2 /* MZHewCell.m in Sources */ = {isa = PBXBuildFile; fileRef = A891F8801CC0D0EE00595EE2 /* MZHewCell.m */; };
		A8A0F1531CC214240010C7DE /* MZChanel.m in Sources */ = {isa = PBXBuildFile; fileRef = A8A0F1521CC214240010C7DE /* MZChanel.m */; };
		A8A0F1551CC214FD0010C7DE /* topic_news.json in Resources */ = {isa = PBXBuildFile; fileRef = A8A0F1541CC214FD0010C7DE /* topic_news.json */; };
		A8A0F1571CC218210010C7DE /* MZHome.storyboard in Resources */ = {isa = PBXBuildFile; fileRef = A8A0F1561CC218210010C7DE /* MZHome.storyboard */; };
		A8A0F15A1CC219740010C7DE /* MZHomeViewController.m in Sources */ = {isa = PBXBuildFile; fileRef = A8A0F1591CC219740010C7DE /* MZHomeViewController.m */; };
		A8A0F15D1CC21B890010C7DE /* MZLabel.m in Sources */ = {isa = PBXBuildFile; fileRef = A8A0F15C1CC21B890010C7DE /* MZLabel.m */; };
		A8A0F1601CC21FC70010C7DE /* MZChanelCell.m in Sources */ = {isa = PBXBuildFile; fileRef = A8A0F15F1CC21FC70010C7DE /* MZChanelCell.m */; };
		DF5D7E5B02C5B552E47B03CA /* libPods-WangYiTest.a in Frameworks */ = {isa = PBXBuildFile; fileRef = BAA4B847AC2B284A8C5E9CE4 /* libPods-WangYiTest.a */; };
/* End PBXBuildFile section */

/* Begin PBXFileReference section */
		9EB3761A9ECDF867A47D4294 /* Pods-WangYiTest.debug.xcconfig */ = {isa = PBXFileReference; includeInIndex = 1; lastKnownFileType = text.xcconfig; name = "Pods-WangYiTest.debug.xcconfig"; path = "Pods/Target Support Files/Pods-WangYiTest/Pods-WangYiTest.debug.xcconfig"; sourceTree = "<group>"; };
		A882E8211CC6152E008B72AF /* MZNewDetailViewController.h */ = {isa = PBXFileReference; fileEncoding = 4; lastKnownFileType = sourcecode.c.h; path = MZNewDetailViewController.h; sourceTree = "<group>"; };
		A882E8221CC6152E008B72AF /* MZNewDetailViewController.m */ = {isa = PBXFileReference; fileEncoding = 4; lastKnownFileType = sourcecode.c.objc; path = MZNewDetailViewController.m; sourceTree = "<group>"; };
		A882E8241CC61D57008B72AF /* detail.html */ = {isa = PBXFileReference; fileEncoding = 4; lastKnownFileType = text.html; path = detail.html; sourceTree = "<group>"; };
		A886099A1CC70F6D00B24DBC /* libAFNetworking.a */ = {isa = PBXFileReference; lastKnownFileType = archive.ar; name = libAFNetworking.a; path = "Pods/../build/Debug-iphoneos/libAFNetworking.a"; sourceTree = "<group>"; };
		A886099B1CC70F6D00B24DBC /* libSDWebImage.a */ = {isa = PBXFileReference; lastKnownFileType = archive.ar; name = libSDWebImage.a; path = "Pods/../build/Debug-iphoneos/libSDWebImage.a"; sourceTree = "<group>"; };
		A891F84D1CC0C1AC00595EE2 /* Assets.xcassets */ = {isa = PBXFileReference; lastKnownFileType = folder.assetcatalog; path = Assets.xcassets; sourceTree = "<group>"; };
		A891F84F1CC0C1AC00595EE2 /* Base */ = {isa = PBXFileReference; lastKnownFileType = file.storyboard; name = Base; path = Base.lproj/LaunchScreen.storyboard; sourceTree = "<group>"; };
		A891F8511CC0C1AC00595EE2 /* Base */ = {isa = PBXFileReference; lastKnownFileType = file.storyboard; name = Base; path = Base.lproj/Main.storyboard; sourceTree = "<group>"; };
		A891F8531CC0C1AC00595EE2 /* MZHeadLine.h */ = {isa = PBXFileReference; fileEncoding = 4; lastKnownFileType = sourcecode.c.h; path = MZHeadLine.h; sourceTree = "<group>"; };
		A891F8541CC0C1AC00595EE2 /* MZHeadLine.m */ = {isa = PBXFileReference; fileEncoding = 4; lastKnownFileType = sourcecode.c.objc; path = MZHeadLine.m; sourceTree = "<group>"; };
		A891F8551CC0C1AC00595EE2 /* Info.plist */ = {isa = PBXFileReference; fileEncoding = 4; lastKnownFileType = text.plist.xml; path = Info.plist; sourceTree = "<group>"; };
		A891F8571CC0C1AC00595EE2 /* MZLoopView.h */ = {isa = PBXFileReference; fileEncoding = 4; lastKnownFileType = sourcecode.c.h; path = MZLoopView.h; sourceTree = "<group>"; };
		A891F8581CC0C1AC00595EE2 /* MZLoopView.m */ = {isa = PBXFileReference; fileEncoding = 4; lastKnownFileType = sourcecode.c.objc; path = MZLoopView.m; sourceTree = "<group>"; };
		A891F8591CC0C1AC00595EE2 /* MZLoopViewCell.h */ = {isa = PBXFileReference; fileEncoding = 4; lastKnownFileType = sourcecode.c.h; path = MZLoopViewCell.h; sourceTree = "<group>"; };
		A891F85A1CC0C1AC00595EE2 /* MZLoopViewCell.m */ = {isa = PBXFileReference; fileEncoding = 4; lastKnownFileType = sourcecode.c.objc; path = MZLoopViewCell.m; sourceTree = "<group>"; };
		A891F85B1CC0C1AC00595EE2 /* MZLoopViewFlowLayout.h */ = {isa = PBXFileReference; fileEncoding = 4; lastKnownFileType = sourcecode.c.h; path = MZLoopViewFlowLayout.h; sourceTree = "<group>"; };
		A891F85C1CC0C1AC00595EE2 /* MZLoopViewFlowLayout.m */ = {isa = PBXFileReference; fileEncoding = 4; lastKnownFileType = sourcecode.c.objc; path = MZLoopViewFlowLayout.m; sourceTree = "<group>"; };
		A891F85D1CC0C1AC00595EE2 /* MZWeakTimerObject.h */ = {isa = PBXFileReference; fileEncoding = 4; lastKnownFileType = sourcecode.c.h; path = MZWeakTimerObject.h; sourceTree = "<group>"; };
		A891F85E1CC0C1AC00595EE2 /* MZWeakTimerObject.m */ = {isa = PBXFileReference; fileEncoding = 4; lastKnownFileType = sourcecode.c.objc; path = MZWeakTimerObject.m; sourceTree = "<group>"; };
		A891F85F1CC0C1AC00595EE2 /* MZHeadLineViewController.h */ = {isa = PBXFileReference; fileEncoding = 4; lastKnownFileType = sourcecode.c.h; path = MZHeadLineViewController.h; sourceTree = "<group>"; };
		A891F8601CC0C1AC00595EE2 /* MZHeadLineViewController.m */ = {isa = PBXFileReference; fileEncoding = 4; lastKnownFileType = sourcecode.c.objc; path = MZHeadLineViewController.m; sourceTree = "<group>"; };
		A891F8621CC0C1AC00595EE2 /* AppDelegate.h */ = {isa = PBXFileReference; fileEncoding = 4; lastKnownFileType = sourcecode.c.h; path = AppDelegate.h; sourceTree = "<group>"; };
		A891F8631CC0C1AC00595EE2 /* AppDelegate.m */ = {isa = PBXFileReference; fileEncoding = 4; lastKnownFileType = sourcecode.c.objc; path = AppDelegate.m; sourceTree = "<group>"; };
		A891F8641CC0C1AC00595EE2 /* main.m */ = {isa = PBXFileReference; fileEncoding = 4; lastKnownFileType = sourcecode.c.objc; path = main.m; sourceTree = "<group>"; };
		A891F8661CC0C1AC00595EE2 /* MZNetWorkTool.h */ = {isa = PBXFileReference; fileEncoding = 4; lastKnownFileType = sourcecode.c.h; path = MZNetWorkTool.h; sourceTree = "<group>"; };
		A891F8671CC0C1AC00595EE2 /* MZNetWorkTool.m */ = {isa = PBXFileReference; fileEncoding = 4; lastKnownFileType = sourcecode.c.objc; path = MZNetWorkTool.m; sourceTree = "<group>"; };
		A891F8771CC0C2B400595EE2 /* MZNew.h */ = {isa = PBXFileReference; fileEncoding = 4; lastKnownFileType = sourcecode.c.h; path = MZNew.h; sourceTree = "<group>"; };
		A891F8781CC0C2B400595EE2 /* MZNew.m */ = {isa = PBXFileReference; fileEncoding = 4; lastKnownFileType = sourcecode.c.objc; path = MZNew.m; sourceTree = "<group>"; };
		A891F87A1CC0C86800595EE2 /* MZNewViewController.h */ = {isa = PBXFileReference; fileEncoding = 4; lastKnownFileType = sourcecode.c.h; path = MZNewViewController.h; sourceTree = "<group>"; };
		A891F87B1CC0C86800595EE2 /* MZNewViewController.m */ = {isa = PBXFileReference; fileEncoding = 4; lastKnownFileType = sourcecode.c.objc; path = MZNewViewController.m; sourceTree = "<group>"; };
		A891F87D1CC0C94700595EE2 /* MZNew.storyboard */ = {isa = PBXFileReference; fileEncoding = 4; lastKnownFileType = file.storyboard; path = MZNew.storyboard; sourceTree = "<group>"; };
		A891F87F1CC0D0EE00595EE2 /* MZHewCell.h */ = {isa = PBXFileReference; fileEncoding = 4; lastKnownFileType = sourcecode.c.h; path = MZHewCell.h; sourceTree = "<group>"; };
		A891F8801CC0D0EE00595EE2 /* MZHewCell.m */ = {isa = PBXFileReference; fileEncoding = 4; lastKnownFileType = sourcecode.c.objc; path = MZHewCell.m; sourceTree = "<group>"; };
		A896CB031CBE2A5E00491715 /* WangYiTest.app */ = {isa = PBXFileReference; explicitFileType = wrapper.application; includeInIndex = 0; path = WangYiTest.app; sourceTree = BUILT_PRODUCTS_DIR; };
		A8A0F1511CC214240010C7DE /* MZChanel.h */ = {isa = PBXFileReference; fileEncoding = 4; lastKnownFileType = sourcecode.c.h; path = MZChanel.h; sourceTree = "<group>"; };
		A8A0F1521CC214240010C7DE /* MZChanel.m */ = {isa = PBXFileReference; fileEncoding = 4; lastKnownFileType = sourcecode.c.objc; path = MZChanel.m; sourceTree = "<group>"; };
		A8A0F1541CC214FD0010C7DE /* topic_news.json */ = {isa = PBXFileReference; fileEncoding = 4; lastKnownFileType = text.json; path = topic_news.json; sourceTree = "<group>"; };
		A8A0F1561CC218210010C7DE /* MZHome.storyboard */ = {isa = PBXFileReference; fileEncoding = 4; lastKnownFileType = file.storyboard; path = MZHome.storyboard; sourceTree = "<group>"; };
		A8A0F1581CC219740010C7DE /* MZHomeViewController.h */ = {isa = PBXFileReference; fileEncoding = 4; lastKnownFileType = sourcecode.c.h; path = MZHomeViewController.h; sourceTree = "<group>"; };
		A8A0F1591CC219740010C7DE /* MZHomeViewController.m */ = {isa = PBXFileReference; fileEncoding = 4; lastKnownFileType = sourcecode.c.objc; path = MZHomeViewController.m; sourceTree = "<group>"; };
		A8A0F15B1CC21B890010C7DE /* MZLabel.h */ = {isa = PBXFileReference; fileEncoding = 4; lastKnownFileType = sourcecode.c.h; path = MZLabel.h; sourceTree = "<group>"; };
		A8A0F15C1CC21B890010C7DE /* MZLabel.m */ = {isa = PBXFileReference; fileEncoding = 4; lastKnownFileType = sourcecode.c.objc; path = MZLabel.m; sourceTree = "<group>"; };
		A8A0F15E1CC21FC70010C7DE /* MZChanelCell.h */ = {isa = PBXFileReference; fileEncoding = 4; lastKnownFileType = sourcecode.c.h; path = MZChanelCell.h; sourceTree = "<group>"; };
		A8A0F15F1CC21FC70010C7DE /* MZChanelCell.m */ = {isa = PBXFileReference; fileEncoding = 4; lastKnownFileType = sourcecode.c.objc; path = MZChanelCell.m; sourceTree = "<group>"; };
		BAA4B847AC2B284A8C5E9CE4 /* libPods-WangYiTest.a */ = {isa = PBXFileReference; explicitFileType = archive.ar; includeInIndex = 0; path = "libPods-WangYiTest.a"; sourceTree = BUILT_PRODUCTS_DIR; };
		E97686F0B8B83B64C6FB9F55 /* Pods-WangYiTest.release.xcconfig */ = {isa = PBXFileReference; includeInIndex = 1; lastKnownFileType = text.xcconfig; name = "Pods-WangYiTest.release.xcconfig"; path = "Pods/Target Support Files/Pods-WangYiTest/Pods-WangYiTest.release.xcconfig"; sourceTree = "<group>"; };
/* End PBXFileReference section */

/* Begin PBXFrameworksBuildPhase section */
		A896CB001CBE2A5E00491715 /* Frameworks */ = {
			isa = PBXFrameworksBuildPhase;
			buildActionMask = 2147483647;
			files = (
				DF5D7E5B02C5B552E47B03CA /* libPods-WangYiTest.a in Frameworks */,
			);
			runOnlyForDeploymentPostprocessing = 0;
		};
/* End PBXFrameworksBuildPhase section */

/* Begin PBXGroup section */
		00E22D9E4CDD045CCB18F8E3 /* Frameworks */ = {
			isa = PBXGroup;
			children = (
				A886099A1CC70F6D00B24DBC /* libAFNetworking.a */,
				A886099B1CC70F6D00B24DBC /* libSDWebImage.a */,
				BAA4B847AC2B284A8C5E9CE4 /* libPods-WangYiTest.a */,
			);
			name = Frameworks;
			sourceTree = "<group>";
		};
		A891F84C1CC0C1AC00595EE2 /* WangYiTest */ = {
			isa = PBXGroup;
			children = (
				A891F8611CC0C1AC00595EE2 /* Other */,
				A891F8651CC0C1AC00595EE2 /* Tool */,
				A8A0F1501CC214030010C7DE /* Home */,
				A891F8561CC0C1AC00595EE2 /* LoopView */,
				A891F8761CC0C29800595EE2 /* New */,
				A891F8521CC0C1AC00595EE2 /* HeadLine */,
				A891F85F1CC0C1AC00595EE2 /* MZHeadLineViewController.h */,
				A891F8601CC0C1AC00595EE2 /* MZHeadLineViewController.m */,
				A891F84D1CC0C1AC00595EE2 /* Assets.xcassets */,
				A891F84E1CC0C1AC00595EE2 /* LaunchScreen.storyboard */,
				A891F8501CC0C1AC00595EE2 /* Main.storyboard */,
				A882E8241CC61D57008B72AF /* detail.html */,
				A891F8551CC0C1AC00595EE2 /* Info.plist */,
				A8A0F1541CC214FD0010C7DE /* topic_news.json */,
			);
			path = WangYiTest;
			sourceTree = "<group>";
		};
		A891F8521CC0C1AC00595EE2 /* HeadLine */ = {
			isa = PBXGroup;
			children = (
				A891F8531CC0C1AC00595EE2 /* MZHeadLine.h */,
				A891F8541CC0C1AC00595EE2 /* MZHeadLine.m */,
			);
			path = HeadLine;
			sourceTree = "<group>";
		};
		A891F8561CC0C1AC00595EE2 /* LoopView */ = {
			isa = PBXGroup;
			children = (
				A891F8571CC0C1AC00595EE2 /* MZLoopView.h */,
				A891F8581CC0C1AC00595EE2 /* MZLoopView.m */,
				A891F8591CC0C1AC00595EE2 /* MZLoopViewCell.h */,
				A891F85A1CC0C1AC00595EE2 /* MZLoopViewCell.m */,
				A891F85B1CC0C1AC00595EE2 /* MZLoopViewFlowLayout.h */,
				A891F85C1CC0C1AC00595EE2 /* MZLoopViewFlowLayout.m */,
				A891F85D1CC0C1AC00595EE2 /* MZWeakTimerObject.h */,
				A891F85E1CC0C1AC00595EE2 /* MZWeakTimerObject.m */,
			);
			path = LoopView;
			sourceTree = "<group>";
		};
		A891F8611CC0C1AC00595EE2 /* Other */ = {
			isa = PBXGroup;
			children = (
				A891F8621CC0C1AC00595EE2 /* AppDelegate.h */,
				A891F8631CC0C1AC00595EE2 /* AppDelegate.m */,
				A891F8641CC0C1AC00595EE2 /* main.m */,
			);
			path = Other;
			sourceTree = "<group>";
		};
		A891F8651CC0C1AC00595EE2 /* Tool */ = {
			isa = PBXGroup;
			children = (
				A891F8661CC0C1AC00595EE2 /* MZNetWorkTool.h */,
				A891F8671CC0C1AC00595EE2 /* MZNetWorkTool.m */,
			);
			path = Tool;
			sourceTree = "<group>";
		};
		A891F8761CC0C29800595EE2 /* New */ = {
			isa = PBXGroup;
			children = (
				A891F8771CC0C2B400595EE2 /* MZNew.h */,
				A891F8781CC0C2B400595EE2 /* MZNew.m */,
				A891F87F1CC0D0EE00595EE2 /* MZHewCell.h */,
				A891F8801CC0D0EE00595EE2 /* MZHewCell.m */,
				A891F87A1CC0C86800595EE2 /* MZNewViewController.h */,
				A891F87B1CC0C86800595EE2 /* MZNewViewController.m */,
				A882E8211CC6152E008B72AF /* MZNewDetailViewController.h */,
				A882E8221CC6152E008B72AF /* MZNewDetailViewController.m */,
				A891F87D1CC0C94700595EE2 /* MZNew.storyboard */,
			);
			path = New;
			sourceTree = "<group>";
		};
		A896CAFA1CBE2A5E00491715 = {
			isa = PBXGroup;
			children = (
				A891F84C1CC0C1AC00595EE2 /* WangYiTest */,
				A896CB041CBE2A5E00491715 /* Products */,
				AF6483800921663F7C676BE0 /* Pods */,
				00E22D9E4CDD045CCB18F8E3 /* Frameworks */,
			);
			sourceTree = "<group>";
		};
		A896CB041CBE2A5E00491715 /* Products */ = {
			isa = PBXGroup;
			children = (
				A896CB031CBE2A5E00491715 /* WangYiTest.app */,
			);
			name = Products;
			sourceTree = "<group>";
		};
		A8A0F1501CC214030010C7DE /* Home */ = {
			isa = PBXGroup;
			children = (
				A8A0F1511CC214240010C7DE /* MZChanel.h */,
				A8A0F1521CC214240010C7DE /* MZChanel.m */,
				A8A0F15B1CC21B890010C7DE /* MZLabel.h */,
				A8A0F15C1CC21B890010C7DE /* MZLabel.m */,
				A8A0F15E1CC21FC70010C7DE /* MZChanelCell.h */,
				A8A0F15F1CC21FC70010C7DE /* MZChanelCell.m */,
				A8A0F1581CC219740010C7DE /* MZHomeViewController.h */,
				A8A0F1591CC219740010C7DE /* MZHomeViewController.m */,
				A8A0F1561CC218210010C7DE /* MZHome.storyboard */,
			);
			path = Home;
			sourceTree = "<group>";
		};
		AF6483800921663F7C676BE0 /* Pods */ = {
			isa = PBXGroup;
			children = (
				9EB3761A9ECDF867A47D4294 /* Pods-WangYiTest.debug.xcconfig */,
				E97686F0B8B83B64C6FB9F55 /* Pods-WangYiTest.release.xcconfig */,
			);
			name = Pods;
			sourceTree = "<group>";
		};
/* End PBXGroup section */

/* Begin PBXNativeTarget section */
		A896CB021CBE2A5E00491715 /* WangYiTest */ = {
			isa = PBXNativeTarget;
			buildConfigurationList = A896CB1A1CBE2A5E00491715 /* Build configuration list for PBXNativeTarget "WangYiTest" */;
			buildPhases = (
				8FBA506F5E91EB4370BD88A5 /* Check Pods Manifest.lock */,
				A896CAFF1CBE2A5E00491715 /* Sources */,
				A896CB001CBE2A5E00491715 /* Frameworks */,
				A896CB011CBE2A5E00491715 /* Resources */,
				4BABB6AA2230F1E4D2B5DCDC /* Embed Pods Frameworks */,
				4D7E78A38250047A25C9E30C /* Copy Pods Resources */,
			);
			buildRules = (
			);
			dependencies = (
			);
			name = WangYiTest;
			productName = WangYiTest;
			productReference = A896CB031CBE2A5E00491715 /* WangYiTest.app */;
			productType = "com.apple.product-type.application";
		};
/* End PBXNativeTarget section */

/* Begin PBXProject section */
		A896CAFB1CBE2A5E00491715 /* Project object */ = {
			isa = PBXProject;
			attributes = {
				LastUpgradeCheck = 0720;
				ORGANIZATIONNAME = itcast;
				TargetAttributes = {
					A896CB021CBE2A5E00491715 = {
						CreatedOnToolsVersion = 7.2.1;
					};
				};
			};
			buildConfigurationList = A896CAFE1CBE2A5E00491715 /* Build configuration list for PBXProject "WangYiTest" */;
			compatibilityVersion = "Xcode 3.2";
			developmentRegion = English;
			hasScannedForEncodings = 0;
			knownRegions = (
				en,
				Base,
			);
			mainGroup = A896CAFA1CBE2A5E00491715;
			productRefGroup = A896CB041CBE2A5E00491715 /* Products */;
			projectDirPath = "";
			projectRoot = "";
			targets = (
				A896CB021CBE2A5E00491715 /* WangYiTest */,
			);
		};
/* End PBXProject section */

/* Begin PBXResourcesBuildPhase section */
		A896CB011CBE2A5E00491715 /* Resources */ = {
			isa = PBXResourcesBuildPhase;
			buildActionMask = 2147483647;
			files = (
				A8A0F1551CC214FD0010C7DE /* topic_news.json in Resources */,
				A882E8251CC61D57008B72AF /* detail.html in Resources */,
				A891F86C1CC0C1AC00595EE2 /* Info.plist in Resources */,
				A891F86A1CC0C1AC00595EE2 /* Main.storyboard in Resources */,
				A891F8681CC0C1AC00595EE2 /* Assets.xcassets in Resources */,
				A891F8691CC0C1AC00595EE2 /* LaunchScreen.storyboard in Resources */,
				A8A0F1571CC218210010C7DE /* MZHome.storyboard in Resources */,
				A891F87E1CC0C94700595EE2 /* MZNew.storyboard in Resources */,
			);
			runOnlyForDeploymentPostprocessing = 0;
		};
/* End PBXResourcesBuildPhase section */

/* Begin PBXShellScriptBuildPhase section */
		4BABB6AA2230F1E4D2B5DCDC /* Embed Pods Frameworks */ = {
			isa = PBXShellScriptBuildPhase;
			buildActionMask = 2147483647;
			files = (
			);
			inputPaths = (
			);
			name = "Embed Pods Frameworks";
			outputPaths = (
			);
			runOnlyForDeploymentPostprocessing = 0;
			shellPath = /bin/sh;
			shellScript = "\"${SRCROOT}/Pods/Target Support Files/Pods-WangYiTest/Pods-WangYiTest-frameworks.sh\"\n";
			showEnvVarsInLog = 0;
		};
		4D7E78A38250047A25C9E30C /* Copy Pods Resources */ = {
			isa = PBXShellScriptBuildPhase;
			buildActionMask = 2147483647;
			files = (
			);
			inputPaths = (
			);
			name = "Copy Pods Resources";
			outputPaths = (
			);
			runOnlyForDeploymentPostprocessing = 0;
			shellPath = /bin/sh;
			shellScript = "\"${SRCROOT}/Pods/Target Support Files/Pods-WangYiTest/Pods-WangYiTest-resources.sh\"\n";
			showEnvVarsInLog = 0;
		};
		8FBA506F5E91EB4370BD88A5 /* Check Pods Manifest.lock */ = {
			isa = PBXShellScriptBuildPhase;
			buildActionMask = 2147483647;
			files = (
			);
			inputPaths = (
			);
			name = "Check Pods Manifest.lock";
			outputPaths = (
			);
			runOnlyForDeploymentPostprocessing = 0;
			shellPath = /bin/sh;
			shellScript = "diff \"${PODS_ROOT}/../Podfile.lock\" \"${PODS_ROOT}/Manifest.lock\" > /dev/null\nif [[ $? != 0 ]] ; then\n    cat << EOM\nerror: The sandbox is not in sync with the Podfile.lock. Run 'pod install' or update your CocoaPods installation.\nEOM\n    exit 1\nfi\n";
			showEnvVarsInLog = 0;
		};
/* End PBXShellScriptBuildPhase section */

/* Begin PBXSourcesBuildPhase section */
		A896CAFF1CBE2A5E00491715 /* Sources */ = {
			isa = PBXSourcesBuildPhase;
			buildActionMask = 2147483647;
			files = (
				A891F87C1CC0C86800595EE2 /* MZNewViewController.m in Sources */,
				A8A0F15D1CC21B890010C7DE /* MZLabel.m in Sources */,
				A891F8811CC0D0EE00595EE2 /* MZHewCell.m in Sources */,
				A891F8701CC0C1AC00595EE2 /* MZWeakTimerObject.m in Sources */,
				A891F86E1CC0C1AC00595EE2 /* MZLoopViewCell.m in Sources */,
				A891F86B1CC0C1AC00595EE2 /* MZHeadLine.m in Sources */,
				A8A0F1531CC214240010C7DE /* MZChanel.m in Sources */,
				A8A0F15A1CC219740010C7DE /* MZHomeViewController.m in Sources */,
				A891F8711CC0C1AC00595EE2 /* MZHeadLineViewController.m in Sources */,
				A891F8741CC0C1AC00595EE2 /* MZNetWorkTool.m in Sources */,
				A882E8231CC6152E008B72AF /* MZNewDetailViewController.m in Sources */,
				A891F86D1CC0C1AC00595EE2 /* MZLoopView.m in Sources */,
				A8A0F1601CC21FC70010C7DE /* MZChanelCell.m in Sources */,
				A891F86F1CC0C1AC00595EE2 /* MZLoopViewFlowLayout.m in Sources */,
				A891F8731CC0C1AC00595EE2 /* main.m in Sources */,
				A891F8721CC0C1AC00595EE2 /* AppDelegate.m in Sources */,
				A891F8791CC0C2B400595EE2 /* MZNew.m in Sources */,
			);
			runOnlyForDeploymentPostprocessing = 0;
		};
/* End PBXSourcesBuildPhase section */

/* Begin PBXVariantGroup section */
		A891F84E1CC0C1AC00595EE2 /* LaunchScreen.storyboard */ = {
			isa = PBXVariantGroup;
			children = (
				A891F84F1CC0C1AC00595EE2 /* Base */,
			);
			name = LaunchScreen.storyboard;
			sourceTree = "<group>";
		};
		A891F8501CC0C1AC00595EE2 /* Main.storyboard */ = {
			isa = PBXVariantGroup;
			children = (
				A891F8511CC0C1AC00595EE2 /* Base */,
			);
			name = Main.storyboard;
			sourceTree = "<group>";
		};
/* End PBXVariantGroup section */

/* Begin XCBuildConfiguration section */
		A896CB181CBE2A5E00491715 /* Debug */ = {
			isa = XCBuildConfiguration;
			buildSettings = {
				ALWAYS_SEARCH_USER_PATHS = NO;
				CLANG_CXX_LANGUAGE_STANDARD = "gnu++0x";
				CLANG_CXX_LIBRARY = "libc++";
				CLANG_ENABLE_MODULES = YES;
				CLANG_ENABLE_OBJC_ARC = YES;
				CLANG_WARN_BOOL_CONVERSION = YES;
				CLANG_WARN_CONSTANT_CONVERSION = YES;
				CLANG_WARN_DIRECT_OBJC_ISA_USAGE = YES_ERROR;
				CLANG_WARN_EMPTY_BODY = YES;
				CLANG_WARN_ENUM_CONVERSION = YES;
				CLANG_WARN_INT_CONVERSION = YES;
				CLANG_WARN_OBJC_ROOT_CLASS = YES_ERROR;
				CLANG_WARN_UNREACHABLE_CODE = YES;
				CLANG_WARN__DUPLICATE_METHOD_MATCH = YES;
				"CODE_SIGN_IDENTITY[sdk=iphoneos*]" = "iPhone Developer";
				COPY_PHASE_STRIP = NO;
				DEBUG_INFORMATION_FORMAT = dwarf;
				ENABLE_STRICT_OBJC_MSGSEND = YES;
				ENABLE_TESTABILITY = YES;
				GCC_C_LANGUAGE_STANDARD = gnu99;
				GCC_DYNAMIC_NO_PIC = NO;
				GCC_NO_COMMON_BLOCKS = YES;
				GCC_OPTIMIZATION_LEVEL = 0;
				GCC_PREPROCESSOR_DEFINITIONS = (
					"DEBUG=1",
					"$(inherited)",
				);
				GCC_WARN_64_TO_32_BIT_CONVERSION = YES;
				GCC_WARN_ABOUT_RETURN_TYPE = YES_ERROR;
				GCC_WARN_UNDECLARED_SELECTOR = YES;
				GCC_WARN_UNINITIALIZED_AUTOS = YES_AGGRESSIVE;
				GCC_WARN_UNUSED_FUNCTION = YES;
				GCC_WARN_UNUSED_VARIABLE = YES;
				IPHONEOS_DEPLOYMENT_TARGET = 9.2;
				MTL_ENABLE_DEBUG_INFO = YES;
				ONLY_ACTIVE_ARCH = YES;
				SDKROOT = iphoneos;
			};
			name = Debug;
		};
		A896CB191CBE2A5E00491715 /* Release */ = {
			isa = XCBuildConfiguration;
			buildSettings = {
				ALWAYS_SEARCH_USER_PATHS = NO;
				CLANG_CXX_LANGUAGE_STANDARD = "gnu++0x";
				CLANG_CXX_LIBRARY = "libc++";
				CLANG_ENABLE_MODULES = YES;
				CLANG_ENABLE_OBJC_ARC = YES;
				CLANG_WARN_BOOL_CONVERSION = YES;
				CLANG_WARN_CONSTANT_CONVERSION = YES;
				CLANG_WARN_DIRECT_OBJC_ISA_USAGE = YES_ERROR;
				CLANG_WARN_EMPTY_BODY = YES;
				CLANG_WARN_ENUM_CONVERSION = YES;
				CLANG_WARN_INT_CONVERSION = YES;
				CLANG_WARN_OBJC_ROOT_CLASS = YES_ERROR;
				CLANG_WARN_UNREACHABLE_CODE = YES;
				CLANG_WARN__DUPLICATE_METHOD_MATCH = YES;
				"CODE_SIGN_IDENTITY[sdk=iphoneos*]" = "iPhone Developer";
				COPY_PHASE_STRIP = NO;
				DEBUG_INFORMATION_FORMAT = "dwarf-with-dsym";
				ENABLE_NS_ASSERTIONS = NO;
				ENABLE_STRICT_OBJC_MSGSEND = YES;
				GCC_C_LANGUAGE_STANDARD = gnu99;
				GCC_NO_COMMON_BLOCKS = YES;
				GCC_WARN_64_TO_32_BIT_CONVERSION = YES;
				GCC_WARN_ABOUT_RETURN_TYPE = YES_ERROR;
				GCC_WARN_UNDECLARED_SELECTOR = YES;
				GCC_WARN_UNINITIALIZED_AUTOS = YES_AGGRESSIVE;
				GCC_WARN_UNUSED_FUNCTION = YES;
				GCC_WARN_UNUSED_VARIABLE = YES;
				IPHONEOS_DEPLOYMENT_TARGET = 9.2;
				MTL_ENABLE_DEBUG_INFO = NO;
				SDKROOT = iphoneos;
				VALIDATE_PRODUCT = YES;
			};
			name = Release;
		};
		A896CB1B1CBE2A5E00491715 /* Debug */ = {
			isa = XCBuildConfiguration;
			baseConfigurationReference = 9EB3761A9ECDF867A47D4294 /* Pods-WangYiTest.debug.xcconfig */;
			buildSettings = {
				ASSETCATALOG_COMPILER_APPICON_NAME = AppIcon;
				INFOPLIST_FILE = WangYiTest/Info.plist;
				IPHONEOS_DEPLOYMENT_TARGET = 8.0;
				LD_RUNPATH_SEARCH_PATHS = "$(inherited) @executable_path/Frameworks";
				LIBRARY_SEARCH_PATHS = (
					"$(inherited)",
					"$(PROJECT_DIR)/build/Debug-iphoneos",
				);
				PRODUCT_BUNDLE_IDENTIFIER = cn.itcast.WangYiTest;
				PRODUCT_NAME = "$(TARGET_NAME)";
			};
			name = Debug;
		};
		A896CB1C1CBE2A5E00491715 /* Release */ = {
			isa = XCBuildConfiguration;
			baseConfigurationReference = E97686F0B8B83B64C6FB9F55 /* Pods-WangYiTest.release.xcconfig */;
			buildSettings = {
				ASSETCATALOG_COMPILER_APPICON_NAME = AppIcon;
				INFOPLIST_FILE = WangYiTest/Info.plist;
				IPHONEOS_DEPLOYMENT_TARGET = 8.0;
				LD_RUNPATH_SEARCH_PATHS = "$(inherited) @executable_path/Frameworks";
				LIBRARY_SEARCH_PATHS = (
					"$(inherited)",
					"$(PROJECT_DIR)/build/Debug-iphoneos",
				);
				PRODUCT_BUNDLE_IDENTIFIER = cn.itcast.WangYiTest;
				PRODUCT_NAME = "$(TARGET_NAME)";
			};
			name = Release;
		};
/* End XCBuildConfiguration section */

/* Begin XCConfigurationList section */
		A896CAFE1CBE2A5E00491715 /* Build configuration list for PBXProject "WangYiTest" */ = {
			isa = XCConfigurationList;
			buildConfigurations = (
				A896CB181CBE2A5E00491715 /* Debug */,
				A896CB191CBE2A5E00491715 /* Release */,
			);
			defaultConfigurationIsVisible = 0;
			defaultConfigurationName = Release;
		};
		A896CB1A1CBE2A5E00491715 /* Build configuration list for PBXNativeTarget "WangYiTest" */ = {
			isa = XCConfigurationList;
			buildConfigurations = (
				A896CB1B1CBE2A5E00491715 /* Debug */,
				A896CB1C1CBE2A5E00491715 /* Release */,
			);
			defaultConfigurationIsVisible = 0;
			defaultConfigurationName = Release;
		};
/* End XCConfigurationList section */
	};
	rootObject = A896CAFB1CBE2A5E00491715 /* Project object */;
}
